
Microsoft Visual Studio Solution File, Format Version 12.00
# Visual Studio Version 16
VisualStudioVersion = 16.0.32802.440
MinimumVisualStudioVersion = 10.0.40219.1
Project("{8BC9CEB8-8B4A-11D0-8D11-00A0C91BC942}") = "C_practice", "C_practice\C_practice.vcxproj", "{1855CAB9-15A7-49B0-9F92-B1042C4FB226}"
EndProject
Global
	GlobalSection(SolutionConfigurationPlatforms) = preSolution
		Debug|x64 = Debug|x64
		Debug|x86 = Debug|x86
		Release|x64 = Release|x64
		Release|x86 = Release|x86
	EndGlobalSection
	GlobalSection(ProjectConfigurationPlatforms) = postSolution
		{1855CAB9-15A7-49B0-9F92-B1042C4FB226}.Debug|x64.ActiveCfg = Debug|x64
		{1855CAB9-15A7-49B0-9F92-B1042C4FB226}.Debug|x64.Build.0 = Debug|x64
		{1855CAB9-15A7-49B0-9F92-B1042C4FB226}.Debug|x86.ActiveCfg = Debug|Win32
		{1855CAB9-15A7-49B0-9F92-B1042C4FB226}.Debug|x86.Build.0 = Debug|Win32
		{1855CAB9-15A7-49B0-9F92-B1042C4FB226}.Release|x64.ActiveCfg = Release|x64
		{1855CAB9-15A7-49B0-9F92-B1042C4FB226}.Release|x64.Build.0 = Release|x64
		{1855CAB9-15A7-49B0-9F92-B1042C4FB226}.Release|x86.ActiveCfg = Release|Win32
		{1855CAB9-15A7-49B0-9F92-B1042C4FB226}.Release|x86.Build.0 = Release|Win32
	EndGlobalSection
	GlobalSection(SolutionProperties) = preSolution
		HideSolutionNode = FALSE
	EndGlobalSection
	GlobalSection(ExtensibilityGlobals) = postSolution
		SolutionGuid = {D4FBAFA8-ADB9-418C-8E29-306D29D7ADB9}
	EndGlobalSection
EndGlobal
